
Microsoft Visual Studio Solution File, Format Version 12.00
# Visual Studio Version 16
VisualStudioVersion = 16.0.29911.84
MinimumVisualStudioVersion = 10.0.40219.1
Project("{FAE04EC0-301F-11D3-BF4B-00C04F79EFBC}") = "homework17", "homework17.csproj", "{B4A2D04E-8666-4943-8542-E82630D0D5F4}"
EndProject
Global
	GlobalSection(SolutionConfigurationPlatforms) = preSolution
		Debug|Any CPU = Debug|Any CPU
		Release|Any CPU = Release|Any CPU
	EndGlobalSection
	GlobalSection(ProjectConfigurationPlatforms) = postSolution
		{B4A2D04E-8666-4943-8542-E82630D0D5F4}.Debug|Any CPU.ActiveCfg = Debug|Any CPU
		{B4A2D04E-8666-4943-8542-E82630D0D5F4}.Debug|Any CPU.Build.0 = Debug|Any CPU
		{B4A2D04E-8666-4943-8542-E82630D0D5F4}.Release|Any CPU.ActiveCfg = Release|Any CPU
		{B4A2D04E-8666-4943-8542-E82630D0D5F4}.Release|Any CPU.Build.0 = Release|Any CPU
	EndGlobalSection
	GlobalSection(SolutionProperties) = preSolution
		HideSolutionNode = FALSE
	EndGlobalSection
	GlobalSection(ExtensibilityGlobals) = postSolution
		SolutionGuid = {4D2D37F2-BC1D-4C6E-9CFF-15654E8C4955}
	EndGlobalSection
EndGlobal
